// !$*UTF8*$!
{
	archiveVersion = 1;
	classes = {
	};
	objectVersion = 50;
	objects = {

/* Begin PBXBuildFile section */
		FA845F272771796B005D4194 /* AppDelegate.swift in Sources */ = {isa = PBXBuildFile; fileRef = FA845F262771796B005D4194 /* AppDelegate.swift */; };
		FA845F292771796B005D4194 /* SceneDelegate.swift in Sources */ = {isa = PBXBuildFile; fileRef = FA845F282771796B005D4194 /* SceneDelegate.swift */; };
		FA845F2B2771796B005D4194 /* ViewController.swift in Sources */ = {isa = PBXBuildFile; fileRef = FA845F2A2771796B005D4194 /* ViewController.swift */; };
		FA845F2E2771796B005D4194 /* Main.storyboard in Resources */ = {isa = PBXBuildFile; fileRef = FA845F2C2771796B005D4194 /* Main.storyboard */; };
		FA845F312771796C005D4194 /* CoreDataCountriesApp.xcdatamodeld in Sources */ = {isa = PBXBuildFile; fileRef = FA845F2F2771796C005D4194 /* CoreDataCountriesApp.xcdatamodeld */; };
		FA845F332771796F005D4194 /* Assets.xcassets in Resources */ = {isa = PBXBuildFile; fileRef = FA845F322771796F005D4194 /* Assets.xcassets */; };
		FA845F362771796F005D4194 /* LaunchScreen.storyboard in Resources */ = {isa = PBXBuildFile; fileRef = FA845F342771796F005D4194 /* LaunchScreen.storyboard */; };
/* End PBXBuildFile section */

/* Begin PBXFileReference section */
		FA845F232771796B005D4194 /* CoreDataCountriesApp.app */ = {isa = PBXFileReference; explicitFileType = wrapper.application; includeInIndex = 0; path = CoreDataCountriesApp.app; sourceTree = BUILT_PRODUCTS_DIR; };
		FA845F262771796B005D4194 /* AppDelegate.swift */ = {isa = PBXFileReference; lastKnownFileType = sourcecode.swift; path = AppDelegate.swift; sourceTree = "<group>"; };
		FA845F282771796B005D4194 /* SceneDelegate.swift */ = {isa = PBXFileReference; lastKnownFileType = sourcecode.swift; path = SceneDelegate.swift; sourceTree = "<group>"; };
		FA845F2A2771796B005D4194 /* ViewController.swift */ = {isa = PBXFileReference; lastKnownFileType = sourcecode.swift; path = ViewController.swift; sourceTree = "<group>"; };
		FA845F2D2771796B005D4194 /* Base */ = {isa = PBXFileReference; lastKnownFileType = file.storyboard; name = Base; path = Base.lproj/Main.storyboard; sourceTree = "<group>"; };
		FA845F302771796C005D4194 /* CoreDataCountriesApp.xcdatamodel */ = {isa = PBXFileReference; lastKnownFileType = wrapper.xcdatamodel; path = CoreDataCountriesApp.xcdatamodel; sourceTree = "<group>"; };
		FA845F322771796F005D4194 /* Assets.xcassets */ = {isa = PBXFileReference; lastKnownFileType = folder.assetcatalog; path = Assets.xcassets; sourceTree = "<group>"; };
		FA845F352771796F005D4194 /* Base */ = {isa = PBXFileReference; lastKnownFileType = file.storyboard; name = Base; path = Base.lproj/LaunchScreen.storyboard; sourceTree = "<group>"; };
		FA845F372771796F005D4194 /* Info.plist */ = {isa = PBXFileReference; lastKnownFileType = text.plist.xml; path = Info.plist; sourceTree = "<group>"; };
/* End PBXFileReference section */

/* Begin PBXFrameworksBuildPhase section */
		FA845F202771796B005D4194 /* Frameworks */ = {
			isa = PBXFrameworksBuildPhase;
			buildActionMask = 2147483647;
			files = (
			);
			runOnlyForDeploymentPostprocessing = 0;
		};
/* End PBXFrameworksBuildPhase section */

/* Begin PBXGroup section */
		FA845F1A2771796B005D4194 = {
			isa = PBXGroup;
			children = (
				FA845F252771796B005D4194 /* CoreDataCountriesApp */,
				FA845F242771796B005D4194 /* Products */,
			);
			sourceTree = "<group>";
		};
		FA845F242771796B005D4194 /* Products */ = {
			isa = PBXGroup;
			children = (
				FA845F232771796B005D4194 /* CoreDataCountriesApp.app */,
			);
			name = Products;
			sourceTree = "<group>";
		};
		FA845F252771796B005D4194 /* CoreDataCountriesApp */ = {
			isa = PBXGroup;
			children = (
				FA845F262771796B005D4194 /* AppDelegate.swift */,
				FA845F282771796B005D4194 /* SceneDelegate.swift */,
				FA845F2A2771796B005D4194 /* ViewController.swift */,
				FA845F2C2771796B005D4194 /* Main.storyboard */,
				FA845F322771796F005D4194 /* Assets.xcassets */,
				FA845F342771796F005D4194 /* LaunchScreen.storyboard */,
				FA845F372771796F005D4194 /* Info.plist */,
				FA845F2F2771796C005D4194 /* CoreDataCountriesApp.xcdatamodeld */,
			);
			path = CoreDataCountriesApp;
			sourceTree = "<group>";
		};
/* End PBXGroup section */

/* Begin PBXNativeTarget section */
		FA845F222771796B005D4194 /* CoreDataCountriesApp */ = {
			isa = PBXNativeTarget;
			buildConfigurationList = FA845F3A2771796F005D4194 /* Build configuration list for PBXNativeTarget "CoreDataCountriesApp" */;
			buildPhases = (
				FA845F1F2771796B005D4194 /* Sources */,
				FA845F202771796B005D4194 /* Frameworks */,
				FA845F212771796B005D4194 /* Resources */,
			);
			buildRules = (
			);
			dependencies = (
			);
			name = CoreDataCountriesApp;
			productName = CoreDataCountriesApp;
			productReference = FA845F232771796B005D4194 /* CoreDataCountriesApp.app */;
			productType = "com.apple.product-type.application";
		};
/* End PBXNativeTarget section */

/* Begin PBXProject section */
		FA845F1B2771796B005D4194 /* Project object */ = {
			isa = PBXProject;
			attributes = {
				LastSwiftUpdateCheck = 1250;
				LastUpgradeCheck = 1250;
				TargetAttributes = {
					FA845F222771796B005D4194 = {
						CreatedOnToolsVersion = 12.5;
					};
				};
			};
			buildConfigurationList = FA845F1E2771796B005D4194 /* Build configuration list for PBXProject "CoreDataCountriesApp" */;
			compatibilityVersion = "Xcode 9.3";
			developmentRegion = en;
			hasScannedForEncodings = 0;
			knownRegions = (
				en,
				Base,
			);
			mainGroup = FA845F1A2771796B005D4194;
			productRefGroup = FA845F242771796B005D4194 /* Products */;
			projectDirPath = "";
			projectRoot = "";
			targets = (
				FA845F222771796B005D4194 /* CoreDataCountriesApp */,
			);
		};
/* End PBXProject section */

/* Begin PBXResourcesBuildPhase section */
		FA845F212771796B005D4194 /* Resources */ = {
			isa = PBXResourcesBuildPhase;
			buildActionMask = 2147483647;
			files = (
				FA845F362771796F005D4194 /* LaunchScreen.storyboard in Resources */,
				FA845F332771796F005D4194 /* Assets.xcassets in Resources */,
				FA845F2E2771796B005D4194 /* Main.storyboard in Resources */,
			);
			runOnlyForDeploymentPostprocessing = 0;
		};
/* End PBXResourcesBuildPhase section */

/* Begin PBXSourcesBuildPhase section */
		FA845F1F2771796B005D4194 /* Sources */ = {
			isa = PBXSourcesBuildPhase;
			buildActionMask = 2147483647;
			files = (
				FA845F2B2771796B005D4194 /* ViewController.swift in Sources */,
				FA845F272771796B005D4194 /* AppDelegate.swift in Sources */,
				FA845F292771796B005D4194 /* SceneDelegate.swift in Sources */,
				FA845F312771796C005D4194 /* CoreDataCountriesApp.xcdatamodeld in Sources */,
			);
			runOnlyForDeploymentPostprocessing = 0;
		};
/* End PBXSourcesBuildPhase section */

/* Begin PBXVariantGroup section */
		FA845F2C2771796B005D4194 /* Main.storyboard */ = {
			isa = PBXVariantGroup;
			children = (
				FA845F2D2771796B005D4194 /* Base */,
			);
			name = Main.storyboard;
			sourceTree = "<group>";
		};
		FA845F342771796F005D4194 /* LaunchScreen.storyboard */ = {
			isa = PBXVariantGroup;
			children = (
				FA845F352771796F005D4194 /* Base */,
			);
			name = LaunchScreen.storyboard;
			sourceTree = "<group>";
		};
/* End PBXVariantGroup section */

/* Begin XCBuildConfiguration section */
		FA845F382771796F005D4194 /* Debug */ = {
			isa = XCBuildConfiguration;
			buildSettings = {
				ALWAYS_SEARCH_USER_PATHS = NO;
				CLANG_ANALYZER_NONNULL = YES;
				CLANG_ANALYZER_NUMBER_OBJECT_CONVERSION = YES_AGGRESSIVE;
				CLANG_CXX_LANGUAGE_STANDARD = "gnu++14";
				CLANG_CXX_LIBRARY = "libc++";
				CLANG_ENABLE_MODULES = YES;
				CLANG_ENABLE_OBJC_ARC = YES;
				CLANG_ENABLE_OBJC_WEAK = YES;
				CLANG_WARN_BLOCK_CAPTURE_AUTORELEASING = YES;
				CLANG_WARN_BOOL_CONVERSION = YES;
				CLANG_WARN_COMMA = YES;
				CLANG_WARN_CONSTANT_CONVERSION = YES;
				CLANG_WARN_DEPRECATED_OBJC_IMPLEMENTATIONS = YES;
				CLANG_WARN_DIRECT_OBJC_ISA_USAGE = YES_ERROR;
				CLANG_WARN_DOCUMENTATION_COMMENTS = YES;
				CLANG_WARN_EMPTY_BODY = YES;
				CLANG_WARN_ENUM_CONVERSION = YES;
				CLANG_WARN_INFINITE_RECURSION = YES;
				CLANG_WARN_INT_CONVERSION = YES;
				CLANG_WARN_NON_LITERAL_NULL_CONVERSION = YES;
				CLANG_WARN_OBJC_IMPLICIT_RETAIN_SELF = YES;
				CLANG_WARN_OBJC_LITERAL_CONVERSION = YES;
				CLANG_WARN_OBJC_ROOT_CLASS = YES_ERROR;
				CLANG_WARN_QUOTED_INCLUDE_IN_FRAMEWORK_HEADER = YES;
				CLANG_WARN_RANGE_LOOP_ANALYSIS = YES;
				CLANG_WARN_STRICT_PROTOTYPES = YES;
				CLANG_WARN_SUSPICIOUS_MOVE = YES;
				CLANG_WARN_UNGUARDED_AVAILABILITY = YES_AGGRESSIVE;
				CLANG_WARN_UNREACHABLE_CODE = YES;
				CLANG_WARN__DUPLICATE_METHOD_MATCH = YES;
				COPY_PHASE_STRIP = NO;
				DEBUG_INFORMATION_FORMAT = dwarf;
				ENABLE_STRICT_OBJC_MSGSEND = YES;
				ENABLE_TESTABILITY = YES;
				GCC_C_LANGUAGE_STANDARD = gnu11;
				GCC_DYNAMIC_NO_PIC = NO;
				GCC_NO_COMMON_BLOCKS = YES;
				GCC_OPTIMIZATION_LEVEL = 0;
				GCC_PREPROCESSOR_DEFINITIONS = (
					"DEBUG=1",
					"$(inherited)",
				);
				GCC_WARN_64_TO_32_BIT_CONVERSION = YES;
				GCC_WARN_ABOUT_RETURN_TYPE = YES_ERROR;
				GCC_WARN_UNDECLARED_SELECTOR = YES;
				GCC_WARN_UNINITIALIZED_AUTOS = YES_AGGRESSIVE;
				GCC_WARN_UNUSED_FUNCTION = YES;
				GCC_WARN_UNUSED_VARIABLE = YES;
				IPHONEOS_DEPLOYMENT_TARGET = 14.5;
				MTL_ENABLE_DEBUG_INFO = INCLUDE_SOURCE;
				MTL_FAST_MATH = YES;
				ONLY_ACTIVE_ARCH = YES;
				SDKROOT = iphoneos;
				SWIFT_ACTIVE_COMPILATION_CONDITIONS = DEBUG;
				SWIFT_OPTIMIZATION_LEVEL = "-Onone";
			};
			name = Debug;
		};
		FA845F392771796F005D4194 /* Release */ = {
			isa = XCBuildConfiguration;
			buildSettings = {
				ALWAYS_SEARCH_USER_PATHS = NO;
				CLANG_ANALYZER_NONNULL = YES;
				CLANG_ANALYZER_NUMBER_OBJECT_CONVERSION = YES_AGGRESSIVE;
				CLANG_CXX_LANGUAGE_STANDARD = "gnu++14";
				CLANG_CXX_LIBRARY = "libc++";
				CLANG_ENABLE_MODULES = YES;
				CLANG_ENABLE_OBJC_ARC = YES;
				CLANG_ENABLE_OBJC_WEAK = YES;
				CLANG_WARN_BLOCK_CAPTURE_AUTORELEASING = YES;
				CLANG_WARN_BOOL_CONVERSION = YES;
				CLANG_WARN_COMMA = YES;
				CLANG_WARN_CONSTANT_CONVERSION = YES;
				CLANG_WARN_DEPRECATED_OBJC_IMPLEMENTATIONS = YES;
				CLANG_WARN_DIRECT_OBJC_ISA_USAGE = YES_ERROR;
				CLANG_WARN_DOCUMENTATION_COMMENTS = YES;
				CLANG_WARN_EMPTY_BODY = YES;
				CLANG_WARN_ENUM_CONVERSION = YES;
				CLANG_WARN_INFINITE_RECURSION = YES;
				CLANG_WARN_INT_CONVERSION = YES;
				CLANG_WARN_NON_LITERAL_NULL_CONVERSION = YES;
				CLANG_WARN_OBJC_IMPLICIT_RETAIN_SELF = YES;
				CLANG_WARN_OBJC_LITERAL_CONVERSION = YES;
				CLANG_WARN_OBJC_ROOT_CLASS = YES_ERROR;
				CLANG_WARN_QUOTED_INCLUDE_IN_FRAMEWORK_HEADER = YES;
				CLANG_WARN_RANGE_LOOP_ANALYSIS = YES;
				CLANG_WARN_STRICT_PROTOTYPES = YES;
				CLANG_WARN_SUSPICIOUS_MOVE = YES;
				CLANG_WARN_UNGUARDED_AVAILABILITY = YES_AGGRESSIVE;
				CLANG_WARN_UNREACHABLE_CODE = YES;
				CLANG_WARN__DUPLICATE_METHOD_MATCH = YES;
				COPY_PHASE_STRIP = NO;
				DEBUG_INFORMATION_FORMAT = "dwarf-with-dsym";
				ENABLE_NS_ASSERTIONS = NO;
				ENABLE_STRICT_OBJC_MSGSEND = YES;
				GCC_C_LANGUAGE_STANDARD = gnu11;
				GCC_NO_COMMON_BLOCKS = YES;
				GCC_WARN_64_TO_32_BIT_CONVERSION = YES;
				GCC_WARN_ABOUT_RETURN_TYPE = YES_ERROR;
				GCC_WARN_UNDECLARED_SELECTOR = YES;
				GCC_WARN_UNINITIALIZED_AUTOS = YES_AGGRESSIVE;
				GCC_WARN_UNUSED_FUNCTION = YES;
				GCC_WARN_UNUSED_VARIABLE = YES;
				IPHONEOS_DEPLOYMENT_TARGET = 14.5;
				MTL_ENABLE_DEBUG_INFO = NO;
				MTL_FAST_MATH = YES;
				SDKROOT = iphoneos;
				SWIFT_COMPILATION_MODE = wholemodule;
				SWIFT_OPTIMIZATION_LEVEL = "-O";
				VALIDATE_PRODUCT = YES;
			};
			name = Release;
		};
		FA845F3B2771796F005D4194 /* Debug */ = {
			isa = XCBuildConfiguration;
			buildSettings = {
				ASSETCATALOG_COMPILER_APPICON_NAME = AppIcon;
				ASSETCATALOG_COMPILER_GLOBAL_ACCENT_COLOR_NAME = AccentColor;
				CODE_SIGN_STYLE = Automatic;
				DEVELOPMENT_TEAM = TEK24U79Q5;
				INFOPLIST_FILE = CoreDataCountriesApp/Info.plist;
				LD_RUNPATH_SEARCH_PATHS = (
					"$(inherited)",
					"@executable_path/Frameworks",
				);
				PRODUCT_BUNDLE_IDENTIFIER = com.ucas.CoreDataCountriesApp;
				PRODUCT_NAME = "$(TARGET_NAME)";
				SWIFT_VERSION = 5.0;
				TARGETED_DEVICE_FAMILY = "1,2";
			};
			name = Debug;
		};
		FA845F3C2771796F005D4194 /* Release */ = {
			isa = XCBuildConfiguration;
			buildSettings = {
				ASSETCATALOG_COMPILER_APPICON_NAME = AppIcon;
				ASSETCATALOG_COMPILER_GLOBAL_ACCENT_COLOR_NAME = AccentColor;
				CODE_SIGN_STYLE = Automatic;
				DEVELOPMENT_TEAM = TEK24U79Q5;
				INFOPLIST_FILE = CoreDataCountriesApp/Info.plist;
				LD_RUNPATH_SEARCH_PATHS = (
					"$(inherited)",
					"@executable_path/Frameworks",
				);
				PRODUCT_BUNDLE_IDENTIFIER = com.ucas.CoreDataCountriesApp;
				PRODUCT_NAME = "$(TARGET_NAME)";
				SWIFT_VERSION = 5.0;
				TARGETED_DEVICE_FAMILY = "1,2";
			};
			name = Release;
		};
/* End XCBuildConfiguration section */

/* Begin XCConfigurationList section */
		FA845F1E2771796B005D4194 /* Build configuration list for PBXProject "CoreDataCountriesApp" */ = {
			isa = XCConfigurationList;
			buildConfigurations = (
				FA845F382771796F005D4194 /* Debug */,
				FA845F392771796F005D4194 /* Release */,
			);
			defaultConfigurationIsVisible = 0;
			defaultConfigurationName = Release;
		};
		FA845F3A2771796F005D4194 /* Build configuration list for PBXNativeTarget "CoreDataCountriesApp" */ = {
			isa = XCConfigurationList;
			buildConfigurations = (
				FA845F3B2771796F005D4194 /* Debug */,
				FA845F3C2771796F005D4194 /* Release */,
			);
			defaultConfigurationIsVisible = 0;
			defaultConfigurationName = Release;
		};
/* End XCConfigurationList section */

/* Begin XCVersionGroup section */
		FA845F2F2771796C005D4194 /* CoreDataCountriesApp.xcdatamodeld */ = {
			isa = XCVersionGroup;
			children = (
				FA845F302771796C005D4194 /* CoreDataCountriesApp.xcdatamodel */,
			);
			currentVersion = FA845F302771796C005D4194 /* CoreDataCountriesApp.xcdatamodel */;
			path = CoreDataCountriesApp.xcdatamodeld;
			sourceTree = "<group>";
			versionGroupType = wrapper.xcdatamodel;
		};
/* End XCVersionGroup section */
	};
	rootObject = FA845F1B2771796B005D4194 /* Project object */;
}
